
Microsoft Visual Studio Solution File, Format Version 12.00
# Visual Studio Version 17
VisualStudioVersion = 17.0.32126.317
MinimumVisualStudioVersion = 10.0.40219.1
Project("{FAE04EC0-301F-11D3-BF4B-00C04F79EFBC}") = "CRMFoodStore", "CRMFoodStore\CRMFoodStore.csproj", "{41DBBFEB-3F68-4EA4-A326-B507A150A964}"
EndProject
Project("{FAE04EC0-301F-11D3-BF4B-00C04F79EFBC}") = "CRMData", "CRMData\CRMData.csproj", "{EC5C17AB-BEB8-40BB-B985-E2865212C0D9}"
EndProject
Global
	GlobalSection(SolutionConfigurationPlatforms) = preSolution
		Debug|Any CPU = Debug|Any CPU
		Release|Any CPU = Release|Any CPU
	EndGlobalSection
	GlobalSection(ProjectConfigurationPlatforms) = postSolution
		{41DBBFEB-3F68-4EA4-A326-B507A150A964}.Debug|Any CPU.ActiveCfg = Debug|Any CPU
		{41DBBFEB-3F68-4EA4-A326-B507A150A964}.Debug|Any CPU.Build.0 = Debug|Any CPU
		{41DBBFEB-3F68-4EA4-A326-B507A150A964}.Release|Any CPU.ActiveCfg = Release|Any CPU
		{41DBBFEB-3F68-4EA4-A326-B507A150A964}.Release|Any CPU.Build.0 = Release|Any CPU
		{EC5C17AB-BEB8-40BB-B985-E2865212C0D9}.Debug|Any CPU.ActiveCfg = Debug|Any CPU
		{EC5C17AB-BEB8-40BB-B985-E2865212C0D9}.Debug|Any CPU.Build.0 = Debug|Any CPU
		{EC5C17AB-BEB8-40BB-B985-E2865212C0D9}.Release|Any CPU.ActiveCfg = Release|Any CPU
		{EC5C17AB-BEB8-40BB-B985-E2865212C0D9}.Release|Any CPU.Build.0 = Release|Any CPU
	EndGlobalSection
	GlobalSection(SolutionProperties) = preSolution
		HideSolutionNode = FALSE
	EndGlobalSection
	GlobalSection(ExtensibilityGlobals) = postSolution
		SolutionGuid = {4FEC32EA-AF79-4783-BDD4-4C8631BD24C1}
	EndGlobalSection
EndGlobal
